# This file is autogenerated, do not edit; changes may be undone by the next 'dep ensure'.


[[projects]]
  name = "golang.org/x/crypto"
  packages = [
    "nacl/secretbox",
    "pbkdf2",
    "poly1305",
    "salsa20/salsa",
    "scrypt",
    "ssh/terminal"
  ]
  revision = "c7af5bf2638a1164f2eb5467c39c6cffbd13a02e"

[[projects]]
  name = "golang.org/x/sys"
  packages = ["unix"]
  revision = "9ccfe848b9db8435a24c424abbc07a921adf1df5"

[solve-meta]
  analyzer-name = "dep"
  analyzer-version = 1
  inputs-digest = "e575b5c2a1fd78f15fcccffe136bd0d1bdfc73197d2efb4bd0d4f2c2ab4f6170"
  solver-name = "gps-cdcl"
  solver-version = 1
